<?xml version="1.0" encoding="utf-8"?>
<Project ToolsVersion="4.0" xmlns="http://schemas.microsoft.com/developer/msbuild/2003">
  <ItemGroup>
    <Filter Include="소스 파일">
      <UniqueIdentifier>{4FC737F1-C7A5-4376-A066-2A32D752A2FF}</UniqueIdentifier>
      <Extensions>cpp;c;cc;cxx;c++;cppm;ixx;def;odl;idl;hpj;bat;asm;asmx</Extensions>
    </Filter>
    <Filter Include="헤더 파일">
      <UniqueIdentifier>{93995380-89BD-4b04-88EB-625FBE52EBFB}</UniqueIdentifier>
      <Extensions>h;hh;hpp;hxx;h++;hm;inl;inc;ipp;xsd</Extensions>
    </Filter>
    <Filter Include="리소스 파일">
      <UniqueIdentifier>{67DA6AB6-F800-4c08-8B7A-83BB121AAD01}</UniqueIdentifier>
      <Extensions>rc;ico;cur;bmp;dlg;rc2;rct;bin;rgs;gif;jpg;jpeg;jpe;resx;tiff;tif;png;wav;mfcribbon-ms</Extensions>
    </Filter>
  </ItemGroup>
  <ItemGroup>
    <ClInclude Include="inc\EndScene.h">
      <Filter>헤더 파일</Filter>
    </ClInclude>
    <ClInclude Include="inc\Game.h">
      <Filter>헤더 파일</Filter>
    </ClInclude>
    <ClInclude Include="inc\MenuScene.h">
      <Filter>헤더 파일</Filter>
    </ClInclude>
    <ClInclude Include="inc\PlayScene.h">
      <Filter>헤더 파일</Filter>
    </ClInclude>
    <ClInclude Include="inc\ConsoleRenderer.h">
      <Filter>헤더 파일</Filter>
    </ClInclude>
    <ClInclude Include="inc\Input.h">
      <Filter>헤더 파일</Filter>
    </ClInclude>
    <ClInclude Include="inc\MyTime.h">
      <Filter>헤더 파일</Filter>
    </ClInclude>
    <ClInclude Include="inc\MenuSceneBackground.h">
      <Filter>헤더 파일</Filter>
    </ClInclude>
    <ClInclude Include="inc\UnionList.h">
      <Filter>헤더 파일</Filter>
    </ClInclude>
    <ClInclude Include="inc\Global.h">
      <Filter>헤더 파일</Filter>
    </ClInclude>
    <ClInclude Include="inc\Player.h">
      <Filter>헤더 파일</Filter>
    </ClInclude>
    <ClInclude Include="inc\Vector2.h">
      <Filter>헤더 파일</Filter>
    </ClInclude>
    <ClInclude Include="inc\Types.h">
      <Filter>헤더 파일</Filter>
    </ClInclude>
    <ClInclude Include="inc\Bullet.h">
      <Filter>헤더 파일</Filter>
    </ClInclude>
  </ItemGroup>
  <ItemGroup>
    <ClCompile Include="src\EndScene.c">
      <Filter>소스 파일</Filter>
    </ClCompile>
    <ClCompile Include="src\Game.c">
      <Filter>소스 파일</Filter>
    </ClCompile>
    <ClCompile Include="src\main.c">
      <Filter>소스 파일</Filter>
    </ClCompile>
    <ClCompile Include="src\MenuScene.c">
      <Filter>소스 파일</Filter>
    </ClCompile>
    <ClCompile Include="src\PlayScene.c">
      <Filter>소스 파일</Filter>
    </ClCompile>
    <ClCompile Include="src\ConsoleRenderer.c">
      <Filter>소스 파일</Filter>
    </ClCompile>
    <ClCompile Include="src\Input.c">
      <Filter>소스 파일</Filter>
    </ClCompile>
    <ClCompile Include="src\MyTime.c">
      <Filter>소스 파일</Filter>
    </ClCompile>
    <ClCompile Include="src\UnionList.c">
      <Filter>소스 파일</Filter>
    </ClCompile>
    <ClCompile Include="src\Global.c">
      <Filter>소스 파일</Filter>
    </ClCompile>
    <ClCompile Include="src\Vector2.c">
      <Filter>소스 파일</Filter>
    </ClCompile>
    <ClCompile Include="src\Player.c">
      <Filter>소스 파일</Filter>
    </ClCompile>
    <ClCompile Include="src\MenuSceneBackground.c">
      <Filter>소스 파일</Filter>
    </ClCompile>
    <ClCompile Include="src\Bullet.c">
      <Filter>소스 파일</Filter>
    </ClCompile>
  </ItemGroup>
</Project>